// !$*UTF8*$!
{
	archiveVersion = 1;
	classes = {
	};
	objectVersion = 56;
	objects = {

/* Begin PBXBuildFile section */
		95078FAA28FDDAD6001A8B1E /* CancelButton.swift in Sources */ = {isa = PBXBuildFile; fileRef = 95078FA928FDDAD6001A8B1E /* CancelButton.swift */; };
		9522ABBA28E09A3100437D38 /* CustomInputField.swift in Sources */ = {isa = PBXBuildFile; fileRef = 9522ABB928E09A3100437D38 /* CustomInputField.swift */; };
		9522ABBD28E0AA4600437D38 /* AuthHeaderView.swift in Sources */ = {isa = PBXBuildFile; fileRef = 9522ABBC28E0AA4600437D38 /* AuthHeaderView.swift */; };
		9522ABBF28E0E11200437D38 /* AuthButtonView.swift in Sources */ = {isa = PBXBuildFile; fileRef = 9522ABBE28E0E11200437D38 /* AuthButtonView.swift */; };
		9522ABC328E0EB8300437D38 /* CheckBoxView.swift in Sources */ = {isa = PBXBuildFile; fileRef = 9522ABC228E0EB8300437D38 /* CheckBoxView.swift */; };
		9530E3BB28F6E418000F395A /* .gitignore in Resources */ = {isa = PBXBuildFile; fileRef = 9530E3BA28F6E418000F395A /* .gitignore */; };
		9576893C28E0644F009FDCE2 /* AthenaApp.swift in Sources */ = {isa = PBXBuildFile; fileRef = 9576893B28E0644F009FDCE2 /* AthenaApp.swift */; };
		9576894028E06450009FDCE2 /* Assets.xcassets in Resources */ = {isa = PBXBuildFile; fileRef = 9576893F28E06450009FDCE2 /* Assets.xcassets */; };
		9576894328E06450009FDCE2 /* Preview Assets.xcassets in Resources */ = {isa = PBXBuildFile; fileRef = 9576894228E06450009FDCE2 /* Preview Assets.xcassets */; };
		9576895428E065F6009FDCE2 /* LoginView.swift in Sources */ = {isa = PBXBuildFile; fileRef = 9576895328E065F6009FDCE2 /* LoginView.swift */; };
		9576895628E06608009FDCE2 /* RegistrationView.swift in Sources */ = {isa = PBXBuildFile; fileRef = 9576895528E06608009FDCE2 /* RegistrationView.swift */; };
		9576895828E068A6009FDCE2 /* Color.swift in Sources */ = {isa = PBXBuildFile; fileRef = 9576895728E068A6009FDCE2 /* Color.swift */; };
		9586C0E128FDB569005E978D /* PillButton.swift in Sources */ = {isa = PBXBuildFile; fileRef = 9586C0E028FDB569005E978D /* PillButton.swift */; };
		9586C0E328FDB8B7005E978D /* SecurityServiceCard.swift in Sources */ = {isa = PBXBuildFile; fileRef = 9586C0E228FDB8B7005E978D /* SecurityServiceCard.swift */; };
		9586C0E528FDBD2E005E978D /* SecurityCardRow.swift in Sources */ = {isa = PBXBuildFile; fileRef = 9586C0E428FDBD2E005E978D /* SecurityCardRow.swift */; };
		9588D53A28EDB47C00DC1557 /* LocationSearchView.swift in Sources */ = {isa = PBXBuildFile; fileRef = 9588D53928EDB47C00DC1557 /* LocationSearchView.swift */; };
		9588D53C28EDC36F00DC1557 /* LocationSearchResultsCell.swift in Sources */ = {isa = PBXBuildFile; fileRef = 9588D53B28EDC36F00DC1557 /* LocationSearchResultsCell.swift */; };
		958CE6CB28FEEA3F000EEEF4 /* WebSocketClient.swift in Sources */ = {isa = PBXBuildFile; fileRef = 958CE6CA28FEEA3F000EEEF4 /* WebSocketClient.swift */; };
		958F830128EEEEA0000C0219 /* LocationSearchService.swift in Sources */ = {isa = PBXBuildFile; fileRef = 958F830028EEEEA0000C0219 /* LocationSearchService.swift */; };
		958F830328EF1776000C0219 /* SecurityMapViewState.swift in Sources */ = {isa = PBXBuildFile; fileRef = 958F830228EF1776000C0219 /* SecurityMapViewState.swift */; };
		9590D4CA28E4D7DD00617C64 /* User.swift in Sources */ = {isa = PBXBuildFile; fileRef = 9590D4C928E4D7DD00617C64 /* User.swift */; };
		959DA942290AB4A800E1AE8F /* HelpMapViewRepresentable.swift in Sources */ = {isa = PBXBuildFile; fileRef = 959DA941290AB4A800E1AE8F /* HelpMapViewRepresentable.swift */; };
		959ED96E29074D8E00F59AD3 /* EvidenceView.swift in Sources */ = {isa = PBXBuildFile; fileRef = 959ED96D29074D8D00F59AD3 /* EvidenceView.swift */; };
		959FDCB428F5873700F141CA /* ServiceRequestView.swift in Sources */ = {isa = PBXBuildFile; fileRef = 959FDCB328F5873700F141CA /* ServiceRequestView.swift */; };
		959FDCBB28F5A45B00F141CA /* Webservice.swift in Sources */ = {isa = PBXBuildFile; fileRef = 959FDCBA28F5A45B00F141CA /* Webservice.swift */; };
		95A56BC628EC512200BC1C2E /* LocationManager.swift in Sources */ = {isa = PBXBuildFile; fileRef = 95A56BC528EC512200BC1C2E /* LocationManager.swift */; };
		95A56BC828EC5B0C00BC1C2E /* SecurityMapViewRepresentable.swift in Sources */ = {isa = PBXBuildFile; fileRef = 95A56BC728EC5B0C00BC1C2E /* SecurityMapViewRepresentable.swift */; };
		95ACC2B5290ADF24000FE158 /* HelpViewState.swift in Sources */ = {isa = PBXBuildFile; fileRef = 95ACC2B4290ADF24000FE158 /* HelpViewState.swift */; };
		95B8F047290AF7F900D07171 /* EmergencyButton.swift in Sources */ = {isa = PBXBuildFile; fileRef = 95B8F046290AF7F900D07171 /* EmergencyButton.swift */; };
		95B9D04E2907E31200E59136 /* MessagesView.swift in Sources */ = {isa = PBXBuildFile; fileRef = 95B9D04D2907E31200E59136 /* MessagesView.swift */; };
		95B9D0502907E33800E59136 /* GeneralSettingsView.swift in Sources */ = {isa = PBXBuildFile; fileRef = 95B9D04F2907E33800E59136 /* GeneralSettingsView.swift */; };
		95B9D0522907E34A00E59136 /* LegalView.swift in Sources */ = {isa = PBXBuildFile; fileRef = 95B9D0512907E34A00E59136 /* LegalView.swift */; };
		95BB8D8B29018EC5003B5965 /* WebsocketViewModel.swift in Sources */ = {isa = PBXBuildFile; fileRef = 95BB8D8A29018EC5003B5965 /* WebsocketViewModel.swift */; };
		95E6AED128E07BC8002DC84A /* Poppins-Black.ttf in Resources */ = {isa = PBXBuildFile; fileRef = 95E6AEBE28E07BC8002DC84A /* Poppins-Black.ttf */; };
		95E6AED228E07BC8002DC84A /* Poppins-ThinItalic.ttf in Resources */ = {isa = PBXBuildFile; fileRef = 95E6AEBF28E07BC8002DC84A /* Poppins-ThinItalic.ttf */; };
		95E6AED328E07BC8002DC84A /* Poppins-ExtraLightItalic.ttf in Resources */ = {isa = PBXBuildFile; fileRef = 95E6AEC028E07BC8002DC84A /* Poppins-ExtraLightItalic.ttf */; };
		95E6AED428E07BC8002DC84A /* Poppins-MediumItalic.ttf in Resources */ = {isa = PBXBuildFile; fileRef = 95E6AEC128E07BC8002DC84A /* Poppins-MediumItalic.ttf */; };
		95E6AED528E07BC8002DC84A /* Poppins-SemiBold.ttf in Resources */ = {isa = PBXBuildFile; fileRef = 95E6AEC228E07BC8002DC84A /* Poppins-SemiBold.ttf */; };
		95E6AED628E07BC8002DC84A /* Poppins-Light.ttf in Resources */ = {isa = PBXBuildFile; fileRef = 95E6AEC328E07BC8002DC84A /* Poppins-Light.ttf */; };
		95E6AED728E07BC8002DC84A /* Poppins-Italic.ttf in Resources */ = {isa = PBXBuildFile; fileRef = 95E6AEC428E07BC8002DC84A /* Poppins-Italic.ttf */; };
		95E6AED828E07BC8002DC84A /* Poppins-Bold.ttf in Resources */ = {isa = PBXBuildFile; fileRef = 95E6AEC528E07BC8002DC84A /* Poppins-Bold.ttf */; };
		95E6AED928E07BC8002DC84A /* Poppins-Thin.ttf in Resources */ = {isa = PBXBuildFile; fileRef = 95E6AEC628E07BC8002DC84A /* Poppins-Thin.ttf */; };
		95E6AEDA28E07BC8002DC84A /* Poppins-ExtraLight.ttf in Resources */ = {isa = PBXBuildFile; fileRef = 95E6AEC728E07BC8002DC84A /* Poppins-ExtraLight.ttf */; };
		95E6AEDB28E07BC8002DC84A /* OFL.txt in Resources */ = {isa = PBXBuildFile; fileRef = 95E6AEC828E07BC8002DC84A /* OFL.txt */; };
		95E6AEDC28E07BC8002DC84A /* Poppins-ExtraBold.ttf in Resources */ = {isa = PBXBuildFile; fileRef = 95E6AEC928E07BC8002DC84A /* Poppins-ExtraBold.ttf */; };
		95E6AEDD28E07BC8002DC84A /* Poppins-BlackItalic.ttf in Resources */ = {isa = PBXBuildFile; fileRef = 95E6AECA28E07BC8002DC84A /* Poppins-BlackItalic.ttf */; };
		95E6AEDE28E07BC8002DC84A /* Poppins-Regular.ttf in Resources */ = {isa = PBXBuildFile; fileRef = 95E6AECB28E07BC8002DC84A /* Poppins-Regular.ttf */; };
		95E6AEDF28E07BC8002DC84A /* Poppins-SemiBoldItalic.ttf in Resources */ = {isa = PBXBuildFile; fileRef = 95E6AECC28E07BC8002DC84A /* Poppins-SemiBoldItalic.ttf */; };
		95E6AEE028E07BC8002DC84A /* Poppins-LightItalic.ttf in Resources */ = {isa = PBXBuildFile; fileRef = 95E6AECD28E07BC8002DC84A /* Poppins-LightItalic.ttf */; };
		95E6AEE128E07BC8002DC84A /* Poppins-BoldItalic.ttf in Resources */ = {isa = PBXBuildFile; fileRef = 95E6AECE28E07BC8002DC84A /* Poppins-BoldItalic.ttf */; };
		95E6AEE228E07BC8002DC84A /* Poppins-Medium.ttf in Resources */ = {isa = PBXBuildFile; fileRef = 95E6AECF28E07BC8002DC84A /* Poppins-Medium.ttf */; };
		95E6AEE328E07BC8002DC84A /* Poppins-ExtraBoldItalic.ttf in Resources */ = {isa = PBXBuildFile; fileRef = 95E6AED028E07BC8002DC84A /* Poppins-ExtraBoldItalic.ttf */; };
		95E6AEE628E07D24002DC84A /* FontsManager.swift in Sources */ = {isa = PBXBuildFile; fileRef = 95E6AEE528E07D24002DC84A /* FontsManager.swift */; };
		95FCEC4228E1C56900ABE5CA /* dismissKeyboard.swift in Sources */ = {isa = PBXBuildFile; fileRef = 95FCEC4128E1C56900ABE5CA /* dismissKeyboard.swift */; };
		95FCEC4C28E1DBF000ABE5CA /* EmergencyView.swift in Sources */ = {isa = PBXBuildFile; fileRef = 95FCEC4B28E1DBF000ABE5CA /* EmergencyView.swift */; };
		95FCEC4F28E1DDDB00ABE5CA /* HomeTabView.swift in Sources */ = {isa = PBXBuildFile; fileRef = 95FCEC4E28E1DDDB00ABE5CA /* HomeTabView.swift */; };
		95FCEC5528E1DFA700ABE5CA /* StatusView.swift in Sources */ = {isa = PBXBuildFile; fileRef = 95FCEC5428E1DFA700ABE5CA /* StatusView.swift */; };
		95FCEC5728E1DFB400ABE5CA /* SecurityView.swift in Sources */ = {isa = PBXBuildFile; fileRef = 95FCEC5628E1DFB400ABE5CA /* SecurityView.swift */; };
		95FCEC5928E1DFC600ABE5CA /* SearchView.swift in Sources */ = {isa = PBXBuildFile; fileRef = 95FCEC5828E1DFC600ABE5CA /* SearchView.swift */; };
		95FCEC5B28E1DFD000ABE5CA /* SettingsView.swift in Sources */ = {isa = PBXBuildFile; fileRef = 95FCEC5A28E1DFD000ABE5CA /* SettingsView.swift */; };
		95FCEC5F28E1F64A00ABE5CA /* StatusMapViewRepresentable.swift in Sources */ = {isa = PBXBuildFile; fileRef = 95FCEC5E28E1F64A00ABE5CA /* StatusMapViewRepresentable.swift */; };
		B3081E322915E6AF00ACBFCF /* RequestedView.swift in Sources */ = {isa = PBXBuildFile; fileRef = B3081E312915E6AF00ACBFCF /* RequestedView.swift */; };
		B3081E342915EA5000ACBFCF /* CompletedView.swift in Sources */ = {isa = PBXBuildFile; fileRef = B3081E332915EA5000ACBFCF /* CompletedView.swift */; };
		B376FEAD2912622A00CA6AFD /* AuthViewModel.swift in Sources */ = {isa = PBXBuildFile; fileRef = B376FEAC2912622A00CA6AFD /* AuthViewModel.swift */; };
		B376FEAF2912628200CA6AFD /* KeychainHelper.swift in Sources */ = {isa = PBXBuildFile; fileRef = B376FEAE2912628200CA6AFD /* KeychainHelper.swift */; };
		B376FEB12912857700CA6AFD /* MapView.swift in Sources */ = {isa = PBXBuildFile; fileRef = B376FEB02912857700CA6AFD /* MapView.swift */; };
		B376FEB52912FA7D00CA6AFD /* SecurityConfig.swift in Sources */ = {isa = PBXBuildFile; fileRef = B376FEB42912FA7D00CA6AFD /* SecurityConfig.swift */; };
		B376FEB729142F6E00CA6AFD /* SettingsTab.swift in Sources */ = {isa = PBXBuildFile; fileRef = B376FEB629142F6E00CA6AFD /* SettingsTab.swift */; };
		B376FEB92914316700CA6AFD /* SettingsRow.swift in Sources */ = {isa = PBXBuildFile; fileRef = B376FEB82914316700CA6AFD /* SettingsRow.swift */; };
		B376FEBB291479DA00CA6AFD /* ConfirmView.swift in Sources */ = {isa = PBXBuildFile; fileRef = B376FEBA291479DA00CA6AFD /* ConfirmView.swift */; };
		B376FECE2915CE5300CA6AFD /* Emergency.swift in Sources */ = {isa = PBXBuildFile; fileRef = B376FECD2915CE5300CA6AFD /* Emergency.swift */; };
/* End PBXBuildFile section */

/* Begin PBXFileReference section */
		95078FA928FDDAD6001A8B1E /* CancelButton.swift */ = {isa = PBXFileReference; lastKnownFileType = sourcecode.swift; path = CancelButton.swift; sourceTree = "<group>"; };
		9522ABB928E09A3100437D38 /* CustomInputField.swift */ = {isa = PBXFileReference; lastKnownFileType = sourcecode.swift; path = CustomInputField.swift; sourceTree = "<group>"; };
		9522ABBC28E0AA4600437D38 /* AuthHeaderView.swift */ = {isa = PBXFileReference; lastKnownFileType = sourcecode.swift; path = AuthHeaderView.swift; sourceTree = "<group>"; };
		9522ABBE28E0E11200437D38 /* AuthButtonView.swift */ = {isa = PBXFileReference; lastKnownFileType = sourcecode.swift; path = AuthButtonView.swift; sourceTree = "<group>"; };
		9522ABC228E0EB8300437D38 /* CheckBoxView.swift */ = {isa = PBXFileReference; lastKnownFileType = sourcecode.swift; path = CheckBoxView.swift; sourceTree = "<group>"; };
		9530E3BA28F6E418000F395A /* .gitignore */ = {isa = PBXFileReference; lastKnownFileType = text; path = .gitignore; sourceTree = "<group>"; };
		9576893828E0644F009FDCE2 /* Athena.app */ = {isa = PBXFileReference; explicitFileType = wrapper.application; includeInIndex = 0; path = Athena.app; sourceTree = BUILT_PRODUCTS_DIR; };
		9576893B28E0644F009FDCE2 /* AthenaApp.swift */ = {isa = PBXFileReference; lastKnownFileType = sourcecode.swift; path = AthenaApp.swift; sourceTree = "<group>"; };
		9576893F28E06450009FDCE2 /* Assets.xcassets */ = {isa = PBXFileReference; lastKnownFileType = folder.assetcatalog; path = Assets.xcassets; sourceTree = "<group>"; };
		9576894228E06450009FDCE2 /* Preview Assets.xcassets */ = {isa = PBXFileReference; lastKnownFileType = folder.assetcatalog; path = "Preview Assets.xcassets"; sourceTree = "<group>"; };
		9576895328E065F6009FDCE2 /* LoginView.swift */ = {isa = PBXFileReference; lastKnownFileType = sourcecode.swift; path = LoginView.swift; sourceTree = "<group>"; };
		9576895528E06608009FDCE2 /* RegistrationView.swift */ = {isa = PBXFileReference; lastKnownFileType = sourcecode.swift; path = RegistrationView.swift; sourceTree = "<group>"; };
		9576895728E068A6009FDCE2 /* Color.swift */ = {isa = PBXFileReference; lastKnownFileType = sourcecode.swift; path = Color.swift; sourceTree = "<group>"; };
		9586C0E028FDB569005E978D /* PillButton.swift */ = {isa = PBXFileReference; lastKnownFileType = sourcecode.swift; path = PillButton.swift; sourceTree = "<group>"; };
		9586C0E228FDB8B7005E978D /* SecurityServiceCard.swift */ = {isa = PBXFileReference; lastKnownFileType = sourcecode.swift; path = SecurityServiceCard.swift; sourceTree = "<group>"; };
		9586C0E428FDBD2E005E978D /* SecurityCardRow.swift */ = {isa = PBXFileReference; lastKnownFileType = sourcecode.swift; path = SecurityCardRow.swift; sourceTree = "<group>"; };
		9588D53928EDB47C00DC1557 /* LocationSearchView.swift */ = {isa = PBXFileReference; lastKnownFileType = sourcecode.swift; path = LocationSearchView.swift; sourceTree = "<group>"; };
		9588D53B28EDC36F00DC1557 /* LocationSearchResultsCell.swift */ = {isa = PBXFileReference; lastKnownFileType = sourcecode.swift; path = LocationSearchResultsCell.swift; sourceTree = "<group>"; };
		958CE6CA28FEEA3F000EEEF4 /* WebSocketClient.swift */ = {isa = PBXFileReference; lastKnownFileType = sourcecode.swift; path = WebSocketClient.swift; sourceTree = "<group>"; };
		958F830028EEEEA0000C0219 /* LocationSearchService.swift */ = {isa = PBXFileReference; lastKnownFileType = sourcecode.swift; path = LocationSearchService.swift; sourceTree = "<group>"; };
		958F830228EF1776000C0219 /* SecurityMapViewState.swift */ = {isa = PBXFileReference; lastKnownFileType = sourcecode.swift; path = SecurityMapViewState.swift; sourceTree = "<group>"; };
		9590D4C928E4D7DD00617C64 /* User.swift */ = {isa = PBXFileReference; lastKnownFileType = sourcecode.swift; name = User.swift; path = Athena/Model/User.swift; sourceTree = SOURCE_ROOT; };
		959DA941290AB4A800E1AE8F /* HelpMapViewRepresentable.swift */ = {isa = PBXFileReference; lastKnownFileType = sourcecode.swift; path = HelpMapViewRepresentable.swift; sourceTree = "<group>"; };
		959ED96D29074D8D00F59AD3 /* EvidenceView.swift */ = {isa = PBXFileReference; lastKnownFileType = sourcecode.swift; path = EvidenceView.swift; sourceTree = "<group>"; };
		959FDCB328F5873700F141CA /* ServiceRequestView.swift */ = {isa = PBXFileReference; lastKnownFileType = sourcecode.swift; path = ServiceRequestView.swift; sourceTree = "<group>"; };
		959FDCBA28F5A45B00F141CA /* Webservice.swift */ = {isa = PBXFileReference; lastKnownFileType = sourcecode.swift; path = Webservice.swift; sourceTree = "<group>"; };
		95A56BC528EC512200BC1C2E /* LocationManager.swift */ = {isa = PBXFileReference; lastKnownFileType = sourcecode.swift; path = LocationManager.swift; sourceTree = "<group>"; };
		95A56BC728EC5B0C00BC1C2E /* SecurityMapViewRepresentable.swift */ = {isa = PBXFileReference; lastKnownFileType = sourcecode.swift; path = SecurityMapViewRepresentable.swift; sourceTree = "<group>"; };
		95ACC2B4290ADF24000FE158 /* HelpViewState.swift */ = {isa = PBXFileReference; lastKnownFileType = sourcecode.swift; path = HelpViewState.swift; sourceTree = "<group>"; };
		95B8F046290AF7F900D07171 /* EmergencyButton.swift */ = {isa = PBXFileReference; lastKnownFileType = sourcecode.swift; path = EmergencyButton.swift; sourceTree = "<group>"; };
		95B9D04D2907E31200E59136 /* MessagesView.swift */ = {isa = PBXFileReference; lastKnownFileType = sourcecode.swift; path = MessagesView.swift; sourceTree = "<group>"; };
		95B9D04F2907E33800E59136 /* GeneralSettingsView.swift */ = {isa = PBXFileReference; lastKnownFileType = sourcecode.swift; path = GeneralSettingsView.swift; sourceTree = "<group>"; };
		95B9D0512907E34A00E59136 /* LegalView.swift */ = {isa = PBXFileReference; lastKnownFileType = sourcecode.swift; path = LegalView.swift; sourceTree = "<group>"; };
		95BB8D8A29018EC5003B5965 /* WebsocketViewModel.swift */ = {isa = PBXFileReference; lastKnownFileType = sourcecode.swift; path = WebsocketViewModel.swift; sourceTree = "<group>"; };
		95E6AEBE28E07BC8002DC84A /* Poppins-Black.ttf */ = {isa = PBXFileReference; lastKnownFileType = file; path = "Poppins-Black.ttf"; sourceTree = "<group>"; };
		95E6AEBF28E07BC8002DC84A /* Poppins-ThinItalic.ttf */ = {isa = PBXFileReference; lastKnownFileType = file; path = "Poppins-ThinItalic.ttf"; sourceTree = "<group>"; };
		95E6AEC028E07BC8002DC84A /* Poppins-ExtraLightItalic.ttf */ = {isa = PBXFileReference; lastKnownFileType = file; path = "Poppins-ExtraLightItalic.ttf"; sourceTree = "<group>"; };
		95E6AEC128E07BC8002DC84A /* Poppins-MediumItalic.ttf */ = {isa = PBXFileReference; lastKnownFileType = file; path = "Poppins-MediumItalic.ttf"; sourceTree = "<group>"; };
		95E6AEC228E07BC8002DC84A /* Poppins-SemiBold.ttf */ = {isa = PBXFileReference; lastKnownFileType = file; path = "Poppins-SemiBold.ttf"; sourceTree = "<group>"; };
		95E6AEC328E07BC8002DC84A /* Poppins-Light.ttf */ = {isa = PBXFileReference; lastKnownFileType = file; path = "Poppins-Light.ttf"; sourceTree = "<group>"; };
		95E6AEC428E07BC8002DC84A /* Poppins-Italic.ttf */ = {isa = PBXFileReference; lastKnownFileType = file; path = "Poppins-Italic.ttf"; sourceTree = "<group>"; };
		95E6AEC528E07BC8002DC84A /* Poppins-Bold.ttf */ = {isa = PBXFileReference; lastKnownFileType = file; path = "Poppins-Bold.ttf"; sourceTree = "<group>"; };
		95E6AEC628E07BC8002DC84A /* Poppins-Thin.ttf */ = {isa = PBXFileReference; lastKnownFileType = file; path = "Poppins-Thin.ttf"; sourceTree = "<group>"; };
		95E6AEC728E07BC8002DC84A /* Poppins-ExtraLight.ttf */ = {isa = PBXFileReference; lastKnownFileType = file; path = "Poppins-ExtraLight.ttf"; sourceTree = "<group>"; };
		95E6AEC828E07BC8002DC84A /* OFL.txt */ = {isa = PBXFileReference; fileEncoding = 4; lastKnownFileType = text; path = OFL.txt; sourceTree = "<group>"; };
		95E6AEC928E07BC8002DC84A /* Poppins-ExtraBold.ttf */ = {isa = PBXFileReference; lastKnownFileType = file; path = "Poppins-ExtraBold.ttf"; sourceTree = "<group>"; };
		95E6AECA28E07BC8002DC84A /* Poppins-BlackItalic.ttf */ = {isa = PBXFileReference; lastKnownFileType = file; path = "Poppins-BlackItalic.ttf"; sourceTree = "<group>"; };
		95E6AECB28E07BC8002DC84A /* Poppins-Regular.ttf */ = {isa = PBXFileReference; lastKnownFileType = file; path = "Poppins-Regular.ttf"; sourceTree = "<group>"; };
		95E6AECC28E07BC8002DC84A /* Poppins-SemiBoldItalic.ttf */ = {isa = PBXFileReference; lastKnownFileType = file; path = "Poppins-SemiBoldItalic.ttf"; sourceTree = "<group>"; };
		95E6AECD28E07BC8002DC84A /* Poppins-LightItalic.ttf */ = {isa = PBXFileReference; lastKnownFileType = file; path = "Poppins-LightItalic.ttf"; sourceTree = "<group>"; };
		95E6AECE28E07BC8002DC84A /* Poppins-BoldItalic.ttf */ = {isa = PBXFileReference; lastKnownFileType = file; path = "Poppins-BoldItalic.ttf"; sourceTree = "<group>"; };
		95E6AECF28E07BC8002DC84A /* Poppins-Medium.ttf */ = {isa = PBXFileReference; lastKnownFileType = file; path = "Poppins-Medium.ttf"; sourceTree = "<group>"; };
		95E6AED028E07BC8002DC84A /* Poppins-ExtraBoldItalic.ttf */ = {isa = PBXFileReference; lastKnownFileType = file; path = "Poppins-ExtraBoldItalic.ttf"; sourceTree = "<group>"; };
		95E6AEE428E07C21002DC84A /* Info.plist */ = {isa = PBXFileReference; lastKnownFileType = text.plist.xml; path = Info.plist; sourceTree = "<group>"; };
		95E6AEE528E07D24002DC84A /* FontsManager.swift */ = {isa = PBXFileReference; lastKnownFileType = sourcecode.swift; path = FontsManager.swift; sourceTree = "<group>"; };
		95FCEC4128E1C56900ABE5CA /* dismissKeyboard.swift */ = {isa = PBXFileReference; lastKnownFileType = sourcecode.swift; path = dismissKeyboard.swift; sourceTree = "<group>"; };
		95FCEC4B28E1DBF000ABE5CA /* EmergencyView.swift */ = {isa = PBXFileReference; lastKnownFileType = sourcecode.swift; path = EmergencyView.swift; sourceTree = "<group>"; };
		95FCEC4E28E1DDDB00ABE5CA /* HomeTabView.swift */ = {isa = PBXFileReference; lastKnownFileType = sourcecode.swift; path = HomeTabView.swift; sourceTree = "<group>"; };
		95FCEC5428E1DFA700ABE5CA /* StatusView.swift */ = {isa = PBXFileReference; lastKnownFileType = sourcecode.swift; path = StatusView.swift; sourceTree = "<group>"; };
		95FCEC5628E1DFB400ABE5CA /* SecurityView.swift */ = {isa = PBXFileReference; lastKnownFileType = sourcecode.swift; path = SecurityView.swift; sourceTree = "<group>"; };
		95FCEC5828E1DFC600ABE5CA /* SearchView.swift */ = {isa = PBXFileReference; lastKnownFileType = sourcecode.swift; path = SearchView.swift; sourceTree = "<group>"; };
		95FCEC5A28E1DFD000ABE5CA /* SettingsView.swift */ = {isa = PBXFileReference; lastKnownFileType = sourcecode.swift; path = SettingsView.swift; sourceTree = "<group>"; };
		95FCEC5E28E1F64A00ABE5CA /* StatusMapViewRepresentable.swift */ = {isa = PBXFileReference; lastKnownFileType = sourcecode.swift; path = StatusMapViewRepresentable.swift; sourceTree = "<group>"; };
		B3081E312915E6AF00ACBFCF /* RequestedView.swift */ = {isa = PBXFileReference; lastKnownFileType = sourcecode.swift; path = RequestedView.swift; sourceTree = "<group>"; };
		B3081E332915EA5000ACBFCF /* CompletedView.swift */ = {isa = PBXFileReference; lastKnownFileType = sourcecode.swift; path = CompletedView.swift; sourceTree = "<group>"; };
		B376FEAC2912622A00CA6AFD /* AuthViewModel.swift */ = {isa = PBXFileReference; fileEncoding = 4; lastKnownFileType = sourcecode.swift; name = AuthViewModel.swift; path = Athena/Authentication/Views/AuthViewModel.swift; sourceTree = SOURCE_ROOT; };
		B376FEAE2912628200CA6AFD /* KeychainHelper.swift */ = {isa = PBXFileReference; fileEncoding = 4; lastKnownFileType = sourcecode.swift; name = KeychainHelper.swift; path = Athena/Authentication/Helpers/KeychainHelper.swift; sourceTree = SOURCE_ROOT; };
		B376FEB02912857700CA6AFD /* MapView.swift */ = {isa = PBXFileReference; lastKnownFileType = sourcecode.swift; path = MapView.swift; sourceTree = "<group>"; };
		B376FEB42912FA7D00CA6AFD /* SecurityConfig.swift */ = {isa = PBXFileReference; lastKnownFileType = sourcecode.swift; path = SecurityConfig.swift; sourceTree = "<group>"; };
		B376FEB629142F6E00CA6AFD /* SettingsTab.swift */ = {isa = PBXFileReference; lastKnownFileType = sourcecode.swift; path = SettingsTab.swift; sourceTree = "<group>"; };
		B376FEB82914316700CA6AFD /* SettingsRow.swift */ = {isa = PBXFileReference; lastKnownFileType = sourcecode.swift; path = SettingsRow.swift; sourceTree = "<group>"; };
		B376FEBA291479DA00CA6AFD /* ConfirmView.swift */ = {isa = PBXFileReference; lastKnownFileType = sourcecode.swift; path = ConfirmView.swift; sourceTree = "<group>"; };
		B376FECD2915CE5300CA6AFD /* Emergency.swift */ = {isa = PBXFileReference; lastKnownFileType = sourcecode.swift; path = Emergency.swift; sourceTree = "<group>"; };
/* End PBXFileReference section */

/* Begin PBXFrameworksBuildPhase section */
		9576893528E0644F009FDCE2 /* Frameworks */ = {
			isa = PBXFrameworksBuildPhase;
			buildActionMask = 2147483647;
			files = (
			);
			runOnlyForDeploymentPostprocessing = 0;
		};
/* End PBXFrameworksBuildPhase section */

/* Begin PBXGroup section */
		9522ABB828E09A1B00437D38 /* Components */ = {
			isa = PBXGroup;
			children = (
				9522ABBB28E0AA2900437D38 /* Authentication */,
				9522ABB928E09A3100437D38 /* CustomInputField.swift */,
				9522ABC228E0EB8300437D38 /* CheckBoxView.swift */,
				9586C0E028FDB569005E978D /* PillButton.swift */,
				95078FA928FDDAD6001A8B1E /* CancelButton.swift */,
				B376FEB02912857700CA6AFD /* MapView.swift */,
			);
			path = Components;
			sourceTree = "<group>";
		};
		9522ABBB28E0AA2900437D38 /* Authentication */ = {
			isa = PBXGroup;
			children = (
				9522ABBC28E0AA4600437D38 /* AuthHeaderView.swift */,
				9522ABBE28E0E11200437D38 /* AuthButtonView.swift */,
			);
			path = Authentication;
			sourceTree = "<group>";
		};
		9534A3E028F6E9D200E01ADC /* Helpers */ = {
			isa = PBXGroup;
			children = (
				B376FEAE2912628200CA6AFD /* KeychainHelper.swift */,
			);
			name = Helpers;
			path = ../../../Helpers;
			sourceTree = "<group>";
		};
		9576892F28E0644F009FDCE2 = {
			isa = PBXGroup;
			children = (
				9530E3BA28F6E418000F395A /* .gitignore */,
				9576893A28E0644F009FDCE2 /* Athena */,
				9576894128E06450009FDCE2 /* Preview Content */,
				9576893928E0644F009FDCE2 /* Products */,
			);
			sourceTree = "<group>";
		};
		9576893928E0644F009FDCE2 /* Products */ = {
			isa = PBXGroup;
			children = (
				9576893828E0644F009FDCE2 /* Athena.app */,
			);
			name = Products;
			sourceTree = "<group>";
		};
		9576893A28E0644F009FDCE2 /* Athena */ = {
			isa = PBXGroup;
			children = (
				9576893B28E0644F009FDCE2 /* AthenaApp.swift */,
				9522ABB828E09A1B00437D38 /* Components */,
				9576895028E065D4009FDCE2 /* Authentication */,
				9588D53028ED8C8A00DC1557 /* LocationSearch */,
				959FDCB228F5871300F141CA /* Services */,
				95FCEC4D28E1DDCC00ABE5CA /* HomeTab */,
				95FCEC5128E1DEC800ABE5CA /* Status */,
				95FCEC5028E1DEC500ABE5CA /* Security */,
				95FCEC4828E1DBB000ABE5CA /* Emergency */,
				95FCEC5328E1DF4000ABE5CA /* Search */,
				95FCEC5228E1DF1A00ABE5CA /* Settings */,
				9576894B28E0651A009FDCE2 /* Extensions */,
				9576894A28E06518009FDCE2 /* Managers */,
				9576894928E06513009FDCE2 /* Model */,
				95FCEC4728E1DB2800ABE5CA /* Service */,
				95E6AEBD28E07B78002DC84A /* Fonts */,
				9576893F28E06450009FDCE2 /* Assets.xcassets */,
				95E6AEE428E07C21002DC84A /* Info.plist */,
			);
			path = Athena;
			sourceTree = "<group>";
		};
		9576894128E06450009FDCE2 /* Preview Content */ = {
			isa = PBXGroup;
			children = (
				9576894228E06450009FDCE2 /* Preview Assets.xcassets */,
			);
			name = "Preview Content";
			path = "Athena/Preview Content";
			sourceTree = "<group>";
		};
		9576894928E06513009FDCE2 /* Model */ = {
			isa = PBXGroup;
			children = (
				958F830228EF1776000C0219 /* SecurityMapViewState.swift */,
				95ACC2B4290ADF24000FE158 /* HelpViewState.swift */,
				9590D4C928E4D7DD00617C64 /* User.swift */,
				B376FECD2915CE5300CA6AFD /* Emergency.swift */,
			);
			path = Model;
			sourceTree = "<group>";
		};
		9576894A28E06518009FDCE2 /* Managers */ = {
			isa = PBXGroup;
			children = (
				95A56BC528EC512200BC1C2E /* LocationManager.swift */,
			);
			path = Managers;
			sourceTree = "<group>";
		};
		9576894B28E0651A009FDCE2 /* Extensions */ = {
			isa = PBXGroup;
			children = (
				9576895728E068A6009FDCE2 /* Color.swift */,
				95FCEC4128E1C56900ABE5CA /* dismissKeyboard.swift */,
			);
			path = Extensions;
			sourceTree = "<group>";
		};
		9576895028E065D4009FDCE2 /* Authentication */ = {
			isa = PBXGroup;
			children = (
				9534A3E028F6E9D200E01ADC /* Helpers */,
				9576895228E065DD009FDCE2 /* ViewModels */,
				9576895128E065DB009FDCE2 /* Views */,
			);
			path = Authentication;
			sourceTree = "<group>";
		};
		9576895128E065DB009FDCE2 /* Views */ = {
			isa = PBXGroup;
			children = (
				9576895328E065F6009FDCE2 /* LoginView.swift */,
				9576895528E06608009FDCE2 /* RegistrationView.swift */,
			);
			path = Views;
			sourceTree = "<group>";
		};
		9576895228E065DD009FDCE2 /* ViewModels */ = {
			isa = PBXGroup;
			children = (
				B376FEAC2912622A00CA6AFD /* AuthViewModel.swift */,
			);
			path = ViewModels;
			sourceTree = "<group>";
		};
		9588D53028ED8C8A00DC1557 /* LocationSearch */ = {
			isa = PBXGroup;
			children = (
				9588D53328ED8D7900DC1557 /* ViewModel */,
				9588D53428ED8D8B00DC1557 /* Views */,
			);
			path = LocationSearch;
			sourceTree = "<group>";
		};
		9588D53128ED8D2800DC1557 /* ViewModels */ = {
			isa = PBXGroup;
			children = (
				95A56BC728EC5B0C00BC1C2E /* SecurityMapViewRepresentable.swift */,
			);
			path = ViewModels;
			sourceTree = "<group>";
		};
		9588D53228ED8D2E00DC1557 /* Views */ = {
			isa = PBXGroup;
			children = (
				95FCEC5628E1DFB400ABE5CA /* SecurityView.swift */,
				9586C0E228FDB8B7005E978D /* SecurityServiceCard.swift */,
				9586C0E428FDBD2E005E978D /* SecurityCardRow.swift */,
				B376FEB42912FA7D00CA6AFD /* SecurityConfig.swift */,
			);
			path = Views;
			sourceTree = "<group>";
		};
		9588D53328ED8D7900DC1557 /* ViewModel */ = {
			isa = PBXGroup;
			children = (
				958F830028EEEEA0000C0219 /* LocationSearchService.swift */,
			);
			path = ViewModel;
			sourceTree = "<group>";
		};
		9588D53428ED8D8B00DC1557 /* Views */ = {
			isa = PBXGroup;
			children = (
				9588D53928EDB47C00DC1557 /* LocationSearchView.swift */,
				9588D53B28EDC36F00DC1557 /* LocationSearchResultsCell.swift */,
			);
			path = Views;
			sourceTree = "<group>";
		};
		959FDCB228F5871300F141CA /* Services */ = {
			isa = PBXGroup;
			children = (
				959FDCB328F5873700F141CA /* ServiceRequestView.swift */,
			);
			path = Services;
			sourceTree = "<group>";
		};
		95E6AEBD28E07B78002DC84A /* Fonts */ = {
			isa = PBXGroup;
			children = (
				95E6AEC828E07BC8002DC84A /* OFL.txt */,
				95E6AEBE28E07BC8002DC84A /* Poppins-Black.ttf */,
				95E6AECA28E07BC8002DC84A /* Poppins-BlackItalic.ttf */,
				95E6AEC528E07BC8002DC84A /* Poppins-Bold.ttf */,
				95E6AECE28E07BC8002DC84A /* Poppins-BoldItalic.ttf */,
				95E6AEC928E07BC8002DC84A /* Poppins-ExtraBold.ttf */,
				95E6AED028E07BC8002DC84A /* Poppins-ExtraBoldItalic.ttf */,
				95E6AEC728E07BC8002DC84A /* Poppins-ExtraLight.ttf */,
				95E6AEC028E07BC8002DC84A /* Poppins-ExtraLightItalic.ttf */,
				95E6AEC428E07BC8002DC84A /* Poppins-Italic.ttf */,
				95E6AEC328E07BC8002DC84A /* Poppins-Light.ttf */,
				95E6AECD28E07BC8002DC84A /* Poppins-LightItalic.ttf */,
				95E6AECF28E07BC8002DC84A /* Poppins-Medium.ttf */,
				95E6AEC128E07BC8002DC84A /* Poppins-MediumItalic.ttf */,
				95E6AECB28E07BC8002DC84A /* Poppins-Regular.ttf */,
				95E6AEC228E07BC8002DC84A /* Poppins-SemiBold.ttf */,
				95E6AECC28E07BC8002DC84A /* Poppins-SemiBoldItalic.ttf */,
				95E6AEC628E07BC8002DC84A /* Poppins-Thin.ttf */,
				95E6AEBF28E07BC8002DC84A /* Poppins-ThinItalic.ttf */,
				95E6AEE528E07D24002DC84A /* FontsManager.swift */,
			);
			path = Fonts;
			sourceTree = "<group>";
		};
		95FCEC4728E1DB2800ABE5CA /* Service */ = {
			isa = PBXGroup;
			children = (
				959FDCBA28F5A45B00F141CA /* Webservice.swift */,
				958CE6CA28FEEA3F000EEEF4 /* WebSocketClient.swift */,
				95BB8D8A29018EC5003B5965 /* WebsocketViewModel.swift */,
			);
			path = Service;
			sourceTree = "<group>";
		};
		95FCEC4828E1DBB000ABE5CA /* Emergency */ = {
			isa = PBXGroup;
			children = (
				95FCEC4A28E1DBC300ABE5CA /* ViewModels */,
				95FCEC4928E1DBBC00ABE5CA /* Views */,
			);
			path = Emergency;
			sourceTree = "<group>";
		};
		95FCEC4928E1DBBC00ABE5CA /* Views */ = {
			isa = PBXGroup;
			children = (
				95B8F046290AF7F900D07171 /* EmergencyButton.swift */,
				95FCEC4B28E1DBF000ABE5CA /* EmergencyView.swift */,
				B376FEBA291479DA00CA6AFD /* ConfirmView.swift */,
				B3081E312915E6AF00ACBFCF /* RequestedView.swift */,
				B3081E332915EA5000ACBFCF /* CompletedView.swift */,
			);
			path = Views;
			sourceTree = "<group>";
		};
		95FCEC4A28E1DBC300ABE5CA /* ViewModels */ = {
			isa = PBXGroup;
			children = (
				959DA941290AB4A800E1AE8F /* HelpMapViewRepresentable.swift */,
			);
			path = ViewModels;
			sourceTree = "<group>";
		};
		95FCEC4D28E1DDCC00ABE5CA /* HomeTab */ = {
			isa = PBXGroup;
			children = (
				95FCEC4E28E1DDDB00ABE5CA /* HomeTabView.swift */,
			);
			path = HomeTab;
			sourceTree = "<group>";
		};
		95FCEC5028E1DEC500ABE5CA /* Security */ = {
			isa = PBXGroup;
			children = (
				9588D53128ED8D2800DC1557 /* ViewModels */,
				9588D53228ED8D2E00DC1557 /* Views */,
			);
			path = Security;
			sourceTree = "<group>";
		};
		95FCEC5128E1DEC800ABE5CA /* Status */ = {
			isa = PBXGroup;
			children = (
				95FCEC5D28E1F62000ABE5CA /* ViewModels */,
				95FCEC5C28E1F61A00ABE5CA /* Views */,
			);
			path = Status;
			sourceTree = "<group>";
		};
		95FCEC5228E1DF1A00ABE5CA /* Settings */ = {
			isa = PBXGroup;
			children = (
				95FCEC5A28E1DFD000ABE5CA /* SettingsView.swift */,
				959ED96D29074D8D00F59AD3 /* EvidenceView.swift */,
				95B9D04D2907E31200E59136 /* MessagesView.swift */,
				95B9D04F2907E33800E59136 /* GeneralSettingsView.swift */,
				95B9D0512907E34A00E59136 /* LegalView.swift */,
				B376FEB629142F6E00CA6AFD /* SettingsTab.swift */,
				B376FEB82914316700CA6AFD /* SettingsRow.swift */,
			);
			path = Settings;
			sourceTree = "<group>";
		};
		95FCEC5328E1DF4000ABE5CA /* Search */ = {
			isa = PBXGroup;
			children = (
				95FCEC5828E1DFC600ABE5CA /* SearchView.swift */,
			);
			path = Search;
			sourceTree = "<group>";
		};
		95FCEC5C28E1F61A00ABE5CA /* Views */ = {
			isa = PBXGroup;
			children = (
				95FCEC5428E1DFA700ABE5CA /* StatusView.swift */,
			);
			path = Views;
			sourceTree = "<group>";
		};
		95FCEC5D28E1F62000ABE5CA /* ViewModels */ = {
			isa = PBXGroup;
			children = (
				95FCEC5E28E1F64A00ABE5CA /* StatusMapViewRepresentable.swift */,
			);
			path = ViewModels;
			sourceTree = "<group>";
		};
/* End PBXGroup section */

/* Begin PBXNativeTarget section */
		9576893728E0644F009FDCE2 /* Athena */ = {
			isa = PBXNativeTarget;
			buildConfigurationList = 9576894628E06450009FDCE2 /* Build configuration list for PBXNativeTarget "Athena" */;
			buildPhases = (
				9576893428E0644F009FDCE2 /* Sources */,
				9576893528E0644F009FDCE2 /* Frameworks */,
				9576893628E0644F009FDCE2 /* Resources */,
			);
			buildRules = (
			);
			dependencies = (
			);
			name = Athena;
			productName = Athena;
			productReference = 9576893828E0644F009FDCE2 /* Athena.app */;
			productType = "com.apple.product-type.application";
		};
/* End PBXNativeTarget section */

/* Begin PBXProject section */
		9576893028E0644F009FDCE2 /* Project object */ = {
			isa = PBXProject;
			attributes = {
				BuildIndependentTargetsInParallel = 1;
				LastSwiftUpdateCheck = 1400;
				LastUpgradeCheck = 1400;
				TargetAttributes = {
					9576893728E0644F009FDCE2 = {
						CreatedOnToolsVersion = 14.0;
					};
				};
			};
			buildConfigurationList = 9576893328E0644F009FDCE2 /* Build configuration list for PBXProject "Athena" */;
			compatibilityVersion = "Xcode 14.0";
			developmentRegion = en;
			hasScannedForEncodings = 0;
			knownRegions = (
				en,
				Base,
			);
			mainGroup = 9576892F28E0644F009FDCE2;
			productRefGroup = 9576893928E0644F009FDCE2 /* Products */;
			projectDirPath = "";
			projectRoot = "";
			targets = (
				9576893728E0644F009FDCE2 /* Athena */,
			);
		};
/* End PBXProject section */

/* Begin PBXResourcesBuildPhase section */
		9576893628E0644F009FDCE2 /* Resources */ = {
			isa = PBXResourcesBuildPhase;
			buildActionMask = 2147483647;
			files = (
				95E6AEDA28E07BC8002DC84A /* Poppins-ExtraLight.ttf in Resources */,
				95E6AED128E07BC8002DC84A /* Poppins-Black.ttf in Resources */,
				95E6AED528E07BC8002DC84A /* Poppins-SemiBold.ttf in Resources */,
				95E6AEE328E07BC8002DC84A /* Poppins-ExtraBoldItalic.ttf in Resources */,
				9530E3BB28F6E418000F395A /* .gitignore in Resources */,
				95E6AED428E07BC8002DC84A /* Poppins-MediumItalic.ttf in Resources */,
				95E6AEE128E07BC8002DC84A /* Poppins-BoldItalic.ttf in Resources */,
				95E6AEDF28E07BC8002DC84A /* Poppins-SemiBoldItalic.ttf in Resources */,
				95E6AED728E07BC8002DC84A /* Poppins-Italic.ttf in Resources */,
				95E6AED628E07BC8002DC84A /* Poppins-Light.ttf in Resources */,
				95E6AEE028E07BC8002DC84A /* Poppins-LightItalic.ttf in Resources */,
				95E6AEE228E07BC8002DC84A /* Poppins-Medium.ttf in Resources */,
				95E6AED228E07BC8002DC84A /* Poppins-ThinItalic.ttf in Resources */,
				95E6AEDE28E07BC8002DC84A /* Poppins-Regular.ttf in Resources */,
				95E6AEDD28E07BC8002DC84A /* Poppins-BlackItalic.ttf in Resources */,
				95E6AED328E07BC8002DC84A /* Poppins-ExtraLightItalic.ttf in Resources */,
				95E6AEDB28E07BC8002DC84A /* OFL.txt in Resources */,
				95E6AED828E07BC8002DC84A /* Poppins-Bold.ttf in Resources */,
				95E6AEDC28E07BC8002DC84A /* Poppins-ExtraBold.ttf in Resources */,
				9576894328E06450009FDCE2 /* Preview Assets.xcassets in Resources */,
				95E6AED928E07BC8002DC84A /* Poppins-Thin.ttf in Resources */,
				9576894028E06450009FDCE2 /* Assets.xcassets in Resources */,
			);
			runOnlyForDeploymentPostprocessing = 0;
		};
/* End PBXResourcesBuildPhase section */

/* Begin PBXSourcesBuildPhase section */
		9576893428E0644F009FDCE2 /* Sources */ = {
			isa = PBXSourcesBuildPhase;
			buildActionMask = 2147483647;
			files = (
				958CE6CB28FEEA3F000EEEF4 /* WebSocketClient.swift in Sources */,
				95E6AEE628E07D24002DC84A /* FontsManager.swift in Sources */,
				95FCEC4228E1C56900ABE5CA /* dismissKeyboard.swift in Sources */,
				B376FEBB291479DA00CA6AFD /* ConfirmView.swift in Sources */,
				9576895428E065F6009FDCE2 /* LoginView.swift in Sources */,
				B376FEB729142F6E00CA6AFD /* SettingsTab.swift in Sources */,
				95FCEC4F28E1DDDB00ABE5CA /* HomeTabView.swift in Sources */,
				9586C0E128FDB569005E978D /* PillButton.swift in Sources */,
				95B8F047290AF7F900D07171 /* EmergencyButton.swift in Sources */,
				95FCEC5728E1DFB400ABE5CA /* SecurityView.swift in Sources */,
				B3081E342915EA5000ACBFCF /* CompletedView.swift in Sources */,
				959FDCB428F5873700F141CA /* ServiceRequestView.swift in Sources */,
				9588D53A28EDB47C00DC1557 /* LocationSearchView.swift in Sources */,
				9522ABBF28E0E11200437D38 /* AuthButtonView.swift in Sources */,
				B376FECE2915CE5300CA6AFD /* Emergency.swift in Sources */,
				95A56BC628EC512200BC1C2E /* LocationManager.swift in Sources */,
				B3081E322915E6AF00ACBFCF /* RequestedView.swift in Sources */,
				9586C0E528FDBD2E005E978D /* SecurityCardRow.swift in Sources */,
				9522ABC328E0EB8300437D38 /* CheckBoxView.swift in Sources */,
				95BB8D8B29018EC5003B5965 /* WebsocketViewModel.swift in Sources */,
				958F830328EF1776000C0219 /* SecurityMapViewState.swift in Sources */,
				B376FEB92914316700CA6AFD /* SettingsRow.swift in Sources */,
				95ACC2B5290ADF24000FE158 /* HelpViewState.swift in Sources */,
				95A56BC828EC5B0C00BC1C2E /* SecurityMapViewRepresentable.swift in Sources */,
				B376FEB52912FA7D00CA6AFD /* SecurityConfig.swift in Sources */,
				9576893C28E0644F009FDCE2 /* AthenaApp.swift in Sources */,
				95FCEC5528E1DFA700ABE5CA /* StatusView.swift in Sources */,
				95FCEC5B28E1DFD000ABE5CA /* SettingsView.swift in Sources */,
				95FCEC5928E1DFC600ABE5CA /* SearchView.swift in Sources */,
				958F830128EEEEA0000C0219 /* LocationSearchService.swift in Sources */,
				9522ABBA28E09A3100437D38 /* CustomInputField.swift in Sources */,
				B376FEB12912857700CA6AFD /* MapView.swift in Sources */,
				95B9D0522907E34A00E59136 /* LegalView.swift in Sources */,
				B376FEAF2912628200CA6AFD /* KeychainHelper.swift in Sources */,
				959ED96E29074D8E00F59AD3 /* EvidenceView.swift in Sources */,
				95FCEC5F28E1F64A00ABE5CA /* StatusMapViewRepresentable.swift in Sources */,
				95FCEC4C28E1DBF000ABE5CA /* EmergencyView.swift in Sources */,
				959FDCBB28F5A45B00F141CA /* Webservice.swift in Sources */,
				95B9D04E2907E31200E59136 /* MessagesView.swift in Sources */,
				95078FAA28FDDAD6001A8B1E /* CancelButton.swift in Sources */,
				959DA942290AB4A800E1AE8F /* HelpMapViewRepresentable.swift in Sources */,
				9576895828E068A6009FDCE2 /* Color.swift in Sources */,
				9576895628E06608009FDCE2 /* RegistrationView.swift in Sources */,
				9586C0E328FDB8B7005E978D /* SecurityServiceCard.swift in Sources */,
				95B9D0502907E33800E59136 /* GeneralSettingsView.swift in Sources */,
				B376FEAD2912622A00CA6AFD /* AuthViewModel.swift in Sources */,
				9522ABBD28E0AA4600437D38 /* AuthHeaderView.swift in Sources */,
				9590D4CA28E4D7DD00617C64 /* User.swift in Sources */,
				9588D53C28EDC36F00DC1557 /* LocationSearchResultsCell.swift in Sources */,
			);
			runOnlyForDeploymentPostprocessing = 0;
		};
/* End PBXSourcesBuildPhase section */

/* Begin XCBuildConfiguration section */
		9576894428E06450009FDCE2 /* Debug */ = {
			isa = XCBuildConfiguration;
			buildSettings = {
				ALWAYS_SEARCH_USER_PATHS = NO;
				CLANG_ANALYZER_NONNULL = YES;
				CLANG_ANALYZER_NUMBER_OBJECT_CONVERSION = YES_AGGRESSIVE;
				CLANG_CXX_LANGUAGE_STANDARD = "gnu++20";
				CLANG_ENABLE_MODULES = YES;
				CLANG_ENABLE_OBJC_ARC = YES;
				CLANG_ENABLE_OBJC_WEAK = YES;
				CLANG_WARN_BLOCK_CAPTURE_AUTORELEASING = YES;
				CLANG_WARN_BOOL_CONVERSION = YES;
				CLANG_WARN_COMMA = YES;
				CLANG_WARN_CONSTANT_CONVERSION = YES;
				CLANG_WARN_DEPRECATED_OBJC_IMPLEMENTATIONS = YES;
				CLANG_WARN_DIRECT_OBJC_ISA_USAGE = YES_ERROR;
				CLANG_WARN_DOCUMENTATION_COMMENTS = YES;
				CLANG_WARN_EMPTY_BODY = YES;
				CLANG_WARN_ENUM_CONVERSION = YES;
				CLANG_WARN_INFINITE_RECURSION = YES;
				CLANG_WARN_INT_CONVERSION = YES;
				CLANG_WARN_NON_LITERAL_NULL_CONVERSION = YES;
				CLANG_WARN_OBJC_IMPLICIT_RETAIN_SELF = YES;
				CLANG_WARN_OBJC_LITERAL_CONVERSION = YES;
				CLANG_WARN_OBJC_ROOT_CLASS = YES_ERROR;
				CLANG_WARN_QUOTED_INCLUDE_IN_FRAMEWORK_HEADER = YES;
				CLANG_WARN_RANGE_LOOP_ANALYSIS = YES;
				CLANG_WARN_STRICT_PROTOTYPES = YES;
				CLANG_WARN_SUSPICIOUS_MOVE = YES;
				CLANG_WARN_UNGUARDED_AVAILABILITY = YES_AGGRESSIVE;
				CLANG_WARN_UNREACHABLE_CODE = YES;
				CLANG_WARN__DUPLICATE_METHOD_MATCH = YES;
				COPY_PHASE_STRIP = NO;
				DEBUG_INFORMATION_FORMAT = dwarf;
				ENABLE_STRICT_OBJC_MSGSEND = YES;
				ENABLE_TESTABILITY = YES;
				GCC_C_LANGUAGE_STANDARD = gnu11;
				GCC_DYNAMIC_NO_PIC = NO;
				GCC_NO_COMMON_BLOCKS = YES;
				GCC_OPTIMIZATION_LEVEL = 0;
				GCC_PREPROCESSOR_DEFINITIONS = (
					"DEBUG=1",
					"$(inherited)",
				);
				GCC_WARN_64_TO_32_BIT_CONVERSION = YES;
				GCC_WARN_ABOUT_RETURN_TYPE = YES_ERROR;
				GCC_WARN_UNDECLARED_SELECTOR = YES;
				GCC_WARN_UNINITIALIZED_AUTOS = YES_AGGRESSIVE;
				GCC_WARN_UNUSED_FUNCTION = YES;
				GCC_WARN_UNUSED_VARIABLE = YES;
				IPHONEOS_DEPLOYMENT_TARGET = 15.0;
				MTL_ENABLE_DEBUG_INFO = INCLUDE_SOURCE;
				MTL_FAST_MATH = YES;
				ONLY_ACTIVE_ARCH = YES;
				SDKROOT = iphoneos;
				SWIFT_ACTIVE_COMPILATION_CONDITIONS = DEBUG;
				SWIFT_OPTIMIZATION_LEVEL = "-Onone";
			};
			name = Debug;
		};
		9576894528E06450009FDCE2 /* Release */ = {
			isa = XCBuildConfiguration;
			buildSettings = {
				ALWAYS_SEARCH_USER_PATHS = NO;
				CLANG_ANALYZER_NONNULL = YES;
				CLANG_ANALYZER_NUMBER_OBJECT_CONVERSION = YES_AGGRESSIVE;
				CLANG_CXX_LANGUAGE_STANDARD = "gnu++20";
				CLANG_ENABLE_MODULES = YES;
				CLANG_ENABLE_OBJC_ARC = YES;
				CLANG_ENABLE_OBJC_WEAK = YES;
				CLANG_WARN_BLOCK_CAPTURE_AUTORELEASING = YES;
				CLANG_WARN_BOOL_CONVERSION = YES;
				CLANG_WARN_COMMA = YES;
				CLANG_WARN_CONSTANT_CONVERSION = YES;
				CLANG_WARN_DEPRECATED_OBJC_IMPLEMENTATIONS = YES;
				CLANG_WARN_DIRECT_OBJC_ISA_USAGE = YES_ERROR;
				CLANG_WARN_DOCUMENTATION_COMMENTS = YES;
				CLANG_WARN_EMPTY_BODY = YES;
				CLANG_WARN_ENUM_CONVERSION = YES;
				CLANG_WARN_INFINITE_RECURSION = YES;
				CLANG_WARN_INT_CONVERSION = YES;
				CLANG_WARN_NON_LITERAL_NULL_CONVERSION = YES;
				CLANG_WARN_OBJC_IMPLICIT_RETAIN_SELF = YES;
				CLANG_WARN_OBJC_LITERAL_CONVERSION = YES;
				CLANG_WARN_OBJC_ROOT_CLASS = YES_ERROR;
				CLANG_WARN_QUOTED_INCLUDE_IN_FRAMEWORK_HEADER = YES;
				CLANG_WARN_RANGE_LOOP_ANALYSIS = YES;
				CLANG_WARN_STRICT_PROTOTYPES = YES;
				CLANG_WARN_SUSPICIOUS_MOVE = YES;
				CLANG_WARN_UNGUARDED_AVAILABILITY = YES_AGGRESSIVE;
				CLANG_WARN_UNREACHABLE_CODE = YES;
				CLANG_WARN__DUPLICATE_METHOD_MATCH = YES;
				COPY_PHASE_STRIP = NO;
				DEBUG_INFORMATION_FORMAT = "dwarf-with-dsym";
				ENABLE_NS_ASSERTIONS = NO;
				ENABLE_STRICT_OBJC_MSGSEND = YES;
				GCC_C_LANGUAGE_STANDARD = gnu11;
				GCC_NO_COMMON_BLOCKS = YES;
				GCC_WARN_64_TO_32_BIT_CONVERSION = YES;
				GCC_WARN_ABOUT_RETURN_TYPE = YES_ERROR;
				GCC_WARN_UNDECLARED_SELECTOR = YES;
				GCC_WARN_UNINITIALIZED_AUTOS = YES_AGGRESSIVE;
				GCC_WARN_UNUSED_FUNCTION = YES;
				GCC_WARN_UNUSED_VARIABLE = YES;
				IPHONEOS_DEPLOYMENT_TARGET = 15.0;
				MTL_ENABLE_DEBUG_INFO = NO;
				MTL_FAST_MATH = YES;
				SDKROOT = iphoneos;
				SWIFT_COMPILATION_MODE = wholemodule;
				SWIFT_OPTIMIZATION_LEVEL = "-O";
				VALIDATE_PRODUCT = YES;
			};
			name = Release;
		};
		9576894728E06450009FDCE2 /* Debug */ = {
			isa = XCBuildConfiguration;
			buildSettings = {
				ASSETCATALOG_COMPILER_APPICON_NAME = AppIcon;
				ASSETCATALOG_COMPILER_GLOBAL_ACCENT_COLOR_NAME = AccentColor;
				ASSETCATALOG_COMPILER_INCLUDE_ALL_APPICON_ASSETS = YES;
				CODE_SIGN_STYLE = Automatic;
				CURRENT_PROJECT_VERSION = 1;
				DEVELOPMENT_ASSET_PATHS = "\"Athena/Preview Content\"";
				DEVELOPMENT_TEAM = L5F36B6L4T;
				ENABLE_PREVIEWS = YES;
				GENERATE_INFOPLIST_FILE = YES;
				INFOPLIST_FILE = Athena/Info.plist;
				INFOPLIST_KEY_CFBundleDisplayName = Athena;
				INFOPLIST_KEY_LSApplicationCategoryType = "public.app-category.medical";
				INFOPLIST_KEY_UIApplicationSceneManifest_Generation = YES;
				INFOPLIST_KEY_UIApplicationSupportsIndirectInputEvents = YES;
				INFOPLIST_KEY_UILaunchScreen_Generation = YES;
				INFOPLIST_KEY_UIRequiresFullScreen = YES;
				INFOPLIST_KEY_UISupportedInterfaceOrientations = UIInterfaceOrientationPortrait;
				IPHONEOS_DEPLOYMENT_TARGET = 15.0;
				LD_RUNPATH_SEARCH_PATHS = (
					"$(inherited)",
					"@executable_path/Frameworks",
				);
				MARKETING_VERSION = 1.0;
				PRODUCT_BUNDLE_IDENTIFIER = "com.athena-io.Athena";
				PRODUCT_NAME = "$(TARGET_NAME)";
				SUPPORTED_PLATFORMS = "iphoneos iphonesimulator";
				SUPPORTS_MACCATALYST = NO;
				SUPPORTS_MAC_DESIGNED_FOR_IPHONE_IPAD = NO;
				SWIFT_EMIT_LOC_STRINGS = YES;
				SWIFT_VERSION = 5.0;
				TARGETED_DEVICE_FAMILY = "1,2";
			};
			name = Debug;
		};
		9576894828E06450009FDCE2 /* Release */ = {
			isa = XCBuildConfiguration;
			buildSettings = {
				ASSETCATALOG_COMPILER_APPICON_NAME = AppIcon;
				ASSETCATALOG_COMPILER_GLOBAL_ACCENT_COLOR_NAME = AccentColor;
				ASSETCATALOG_COMPILER_INCLUDE_ALL_APPICON_ASSETS = YES;
				CODE_SIGN_STYLE = Automatic;
				CURRENT_PROJECT_VERSION = 1;
				DEVELOPMENT_ASSET_PATHS = "\"Athena/Preview Content\"";
				DEVELOPMENT_TEAM = L5F36B6L4T;
				ENABLE_PREVIEWS = YES;
				GENERATE_INFOPLIST_FILE = YES;
				INFOPLIST_FILE = Athena/Info.plist;
				INFOPLIST_KEY_CFBundleDisplayName = Athena;
				INFOPLIST_KEY_LSApplicationCategoryType = "public.app-category.medical";
				INFOPLIST_KEY_UIApplicationSceneManifest_Generation = YES;
				INFOPLIST_KEY_UIApplicationSupportsIndirectInputEvents = YES;
				INFOPLIST_KEY_UILaunchScreen_Generation = YES;
				INFOPLIST_KEY_UIRequiresFullScreen = YES;
				INFOPLIST_KEY_UISupportedInterfaceOrientations = UIInterfaceOrientationPortrait;
				IPHONEOS_DEPLOYMENT_TARGET = 15.0;
				LD_RUNPATH_SEARCH_PATHS = (
					"$(inherited)",
					"@executable_path/Frameworks",
				);
				MARKETING_VERSION = 1.0;
				PRODUCT_BUNDLE_IDENTIFIER = "com.athena-io.Athena";
				PRODUCT_NAME = "$(TARGET_NAME)";
				SUPPORTED_PLATFORMS = "iphoneos iphonesimulator";
				SUPPORTS_MACCATALYST = NO;
				SUPPORTS_MAC_DESIGNED_FOR_IPHONE_IPAD = NO;
				SWIFT_EMIT_LOC_STRINGS = YES;
				SWIFT_VERSION = 5.0;
				TARGETED_DEVICE_FAMILY = "1,2";
			};
			name = Release;
		};
/* End XCBuildConfiguration section */

/* Begin XCConfigurationList section */
		9576893328E0644F009FDCE2 /* Build configuration list for PBXProject "Athena" */ = {
			isa = XCConfigurationList;
			buildConfigurations = (
				9576894428E06450009FDCE2 /* Debug */,
				9576894528E06450009FDCE2 /* Release */,
			);
			defaultConfigurationIsVisible = 0;
			defaultConfigurationName = Release;
		};
		9576894628E06450009FDCE2 /* Build configuration list for PBXNativeTarget "Athena" */ = {
			isa = XCConfigurationList;
			buildConfigurations = (
				9576894728E06450009FDCE2 /* Debug */,
				9576894828E06450009FDCE2 /* Release */,
			);
			defaultConfigurationIsVisible = 0;
			defaultConfigurationName = Release;
		};
/* End XCConfigurationList section */
	};
	rootObject = 9576893028E0644F009FDCE2 /* Project object */;
}
